// !$*UTF8*$!
{
	archiveVersion = 1;
	classes = {
	};
	objectVersion = 48;
	objects = {

/* Begin PBXBuildFile section */
		D12D09541FCC387200AE8ADF /* Passenger.swift in Sources */ = {isa = PBXBuildFile; fileRef = D12D09531FCC387200AE8ADF /* Passenger.swift */; };
		D12D09561FCC3A2200AE8ADF /* PassengersViewController.swift in Sources */ = {isa = PBXBuildFile; fileRef = D12D09551FCC3A2200AE8ADF /* PassengersViewController.swift */; };
		D12D09581FCC3AC700AE8ADF /* EditPassengerViewController.swift in Sources */ = {isa = PBXBuildFile; fileRef = D12D09571FCC3AC700AE8ADF /* EditPassengerViewController.swift */; };
		D13029CC1F9A053D0081826A /* AppDelegate.swift in Sources */ = {isa = PBXBuildFile; fileRef = D13029CB1F9A053D0081826A /* AppDelegate.swift */; };
		D13029D01F9A053D0081826A /* Assets.xcassets in Resources */ = {isa = PBXBuildFile; fileRef = D13029CF1F9A053D0081826A /* Assets.xcassets */; };
		D13029D31F9A053D0081826A /* Admin.storyboard in Resources */ = {isa = PBXBuildFile; fileRef = D13029D11F9A053D0081826A /* Admin.storyboard */; };
		D13813A11FCB23C2008F74F8 /* Model.swift in Sources */ = {isa = PBXBuildFile; fileRef = D13813A01FCB23C2008F74F8 /* Model.swift */; };
		D13813A41FCB2496008F74F8 /* AccountsViewController.swift in Sources */ = {isa = PBXBuildFile; fileRef = D13813A21FCB2496008F74F8 /* AccountsViewController.swift */; };
		D13813A71FCB24F3008F74F8 /* EditAccountViewController.swift in Sources */ = {isa = PBXBuildFile; fileRef = D13813A61FCB24F3008F74F8 /* EditAccountViewController.swift */; };
		D13813A91FCB3B63008F74F8 /* TableViewController.swift in Sources */ = {isa = PBXBuildFile; fileRef = D13813A81FCB3B63008F74F8 /* TableViewController.swift */; };
		D14823731FA0A9AE002AE484 /* EditStationViewController.swift in Sources */ = {isa = PBXBuildFile; fileRef = D14823721FA0A9AE002AE484 /* EditStationViewController.swift */; };
		D17B62F81FA075C500450052 /* AddViewController.swift in Sources */ = {isa = PBXBuildFile; fileRef = D17B62F71FA075C500450052 /* AddViewController.swift */; };
		D17B62FA1FA07D3700450052 /* ContainerViewController.swift in Sources */ = {isa = PBXBuildFile; fileRef = D17B62F91FA07D3700450052 /* ContainerViewController.swift */; };
		D17B62FC1FA07EBA00450052 /* AddItemTypeViewController.swift in Sources */ = {isa = PBXBuildFile; fileRef = D17B62FB1FA07EBA00450052 /* AddItemTypeViewController.swift */; };
		D17B63071FA085BD00450052 /* TypeCollectionViewItem.swift in Sources */ = {isa = PBXBuildFile; fileRef = D17B63051FA085BD00450052 /* TypeCollectionViewItem.swift */; };
		D17B63081FA085BD00450052 /* TypeCollectionViewItem.xib in Resources */ = {isa = PBXBuildFile; fileRef = D17B63061FA085BD00450052 /* TypeCollectionViewItem.xib */; };
		D1938A5F1FA32ED600A28344 /* DataManager.swift in Sources */ = {isa = PBXBuildFile; fileRef = D1938A5E1FA32ED600A28344 /* DataManager.swift */; };
		D1938A631FA339B200A28344 /* EditViewController.swift in Sources */ = {isa = PBXBuildFile; fileRef = D1938A621FA339B200A28344 /* EditViewController.swift */; };
		D19CAD731F9DEBAE0061949C /* AdminMainViewController.swift in Sources */ = {isa = PBXBuildFile; fileRef = D19CAD711F9DEBAE0061949C /* AdminMainViewController.swift */; };
		D19CAD761F9DED070061949C /* SidebarItem.swift in Sources */ = {isa = PBXBuildFile; fileRef = D19CAD751F9DED070061949C /* SidebarItem.swift */; };
		D19CAD7F1F9DFE4D0061949C /* StationsViewController.swift in Sources */ = {isa = PBXBuildFile; fileRef = D19CAD7D1F9DFE4D0061949C /* StationsViewController.swift */; };
		D19CAD821F9DFE730061949C /* Station.swift in Sources */ = {isa = PBXBuildFile; fileRef = D19CAD811F9DFE730061949C /* Station.swift */; };
		D19CAD841F9DFFFA0061949C /* BaseViewController.swift in Sources */ = {isa = PBXBuildFile; fileRef = D19CAD831F9DFFFA0061949C /* BaseViewController.swift */; };
		D19CAD871F9E301B0061949C /* NetworkManager.swift in Sources */ = {isa = PBXBuildFile; fileRef = D19CAD861F9E301B0061949C /* NetworkManager.swift */; };
		D19CAD891F9E307C0061949C /* RequestManager.swift in Sources */ = {isa = PBXBuildFile; fileRef = D19CAD881F9E307C0061949C /* RequestManager.swift */; };
		D19CAD8F1F9E33920061949C /* URLRequest.swift in Sources */ = {isa = PBXBuildFile; fileRef = D19CAD8E1F9E33920061949C /* URLRequest.swift */; };
		D19CAD921F9E33C20061949C /* Constants.swift in Sources */ = {isa = PBXBuildFile; fileRef = D19CAD911F9E33C20061949C /* Constants.swift */; };
		D1CC03B01FD4036800317ACA /* Login.storyboard in Resources */ = {isa = PBXBuildFile; fileRef = D1CC03AE1FD4036800317ACA /* Login.storyboard */; };
		D1CC03B41FD4057000317ACA /* LoginViewController.swift in Sources */ = {isa = PBXBuildFile; fileRef = D1CC03B31FD4057000317ACA /* LoginViewController.swift */; };
		D1CC03B61FD409BC00317ACA /* LoginRequests.swift in Sources */ = {isa = PBXBuildFile; fileRef = D1CC03B51FD409BC00317ACA /* LoginRequests.swift */; };
		D1CC03BA1FD40F9B00317ACA /* User.swift in Sources */ = {isa = PBXBuildFile; fileRef = D1CC03B91FD40F9B00317ACA /* User.swift */; };
		D1CC03BC1FD4103F00317ACA /* UserAccountManager.swift in Sources */ = {isa = PBXBuildFile; fileRef = D1CC03BB1FD4103F00317ACA /* UserAccountManager.swift */; };
		D1DFD3701F9E3BAC0003867B /* Results.swift in Sources */ = {isa = PBXBuildFile; fileRef = D1DFD36F1F9E3BAC0003867B /* Results.swift */; };
		D1DFD3721F9E4BA10003867B /* MainWindowController.swift in Sources */ = {isa = PBXBuildFile; fileRef = D1DFD3711F9E4BA10003867B /* MainWindowController.swift */; };
		D1E7B0571FCB1F10006C7D44 /* Requests.swift in Sources */ = {isa = PBXBuildFile; fileRef = D1E7B0561FCB1F10006C7D44 /* Requests.swift */; };
		D1E7B0591FCB2309006C7D44 /* Account.swift in Sources */ = {isa = PBXBuildFile; fileRef = D1E7B0581FCB2309006C7D44 /* Account.swift */; };
/* End PBXBuildFile section */

/* Begin PBXFileReference section */
		D12D09531FCC387200AE8ADF /* Passenger.swift */ = {isa = PBXFileReference; lastKnownFileType = sourcecode.swift; path = Passenger.swift; sourceTree = "<group>"; };
		D12D09551FCC3A2200AE8ADF /* PassengersViewController.swift */ = {isa = PBXFileReference; lastKnownFileType = sourcecode.swift; path = PassengersViewController.swift; sourceTree = "<group>"; };
		D12D09571FCC3AC700AE8ADF /* EditPassengerViewController.swift */ = {isa = PBXFileReference; lastKnownFileType = sourcecode.swift; path = EditPassengerViewController.swift; sourceTree = "<group>"; };
		D13029C81F9A053D0081826A /* Railway.app */ = {isa = PBXFileReference; explicitFileType = wrapper.application; includeInIndex = 0; path = Railway.app; sourceTree = BUILT_PRODUCTS_DIR; };
		D13029CB1F9A053D0081826A /* AppDelegate.swift */ = {isa = PBXFileReference; lastKnownFileType = sourcecode.swift; path = AppDelegate.swift; sourceTree = "<group>"; };
		D13029CF1F9A053D0081826A /* Assets.xcassets */ = {isa = PBXFileReference; lastKnownFileType = folder.assetcatalog; path = Assets.xcassets; sourceTree = "<group>"; };
		D13029D21F9A053D0081826A /* Base */ = {isa = PBXFileReference; lastKnownFileType = file.storyboard; name = Base; path = Base.lproj/Admin.storyboard; sourceTree = "<group>"; };
		D13029D41F9A053D0081826A /* Info.plist */ = {isa = PBXFileReference; lastKnownFileType = text.plist.xml; path = Info.plist; sourceTree = "<group>"; };
		D13029D51F9A053D0081826A /* Railway.entitlements */ = {isa = PBXFileReference; lastKnownFileType = text.plist.entitlements; path = Railway.entitlements; sourceTree = "<group>"; };
		D13813A01FCB23C2008F74F8 /* Model.swift */ = {isa = PBXFileReference; lastKnownFileType = sourcecode.swift; path = Model.swift; sourceTree = "<group>"; };
		D13813A21FCB2496008F74F8 /* AccountsViewController.swift */ = {isa = PBXFileReference; lastKnownFileType = sourcecode.swift; path = AccountsViewController.swift; sourceTree = "<group>"; };
		D13813A61FCB24F3008F74F8 /* EditAccountViewController.swift */ = {isa = PBXFileReference; lastKnownFileType = sourcecode.swift; path = EditAccountViewController.swift; sourceTree = "<group>"; };
		D13813A81FCB3B63008F74F8 /* TableViewController.swift */ = {isa = PBXFileReference; lastKnownFileType = sourcecode.swift; path = TableViewController.swift; sourceTree = "<group>"; };
		D14823721FA0A9AE002AE484 /* EditStationViewController.swift */ = {isa = PBXFileReference; lastKnownFileType = sourcecode.swift; path = EditStationViewController.swift; sourceTree = "<group>"; };
		D17B62F71FA075C500450052 /* AddViewController.swift */ = {isa = PBXFileReference; lastKnownFileType = sourcecode.swift; path = AddViewController.swift; sourceTree = "<group>"; };
		D17B62F91FA07D3700450052 /* ContainerViewController.swift */ = {isa = PBXFileReference; fileEncoding = 4; lastKnownFileType = sourcecode.swift; path = ContainerViewController.swift; sourceTree = "<group>"; };
		D17B62FB1FA07EBA00450052 /* AddItemTypeViewController.swift */ = {isa = PBXFileReference; lastKnownFileType = sourcecode.swift; path = AddItemTypeViewController.swift; sourceTree = "<group>"; };
		D17B63051FA085BD00450052 /* TypeCollectionViewItem.swift */ = {isa = PBXFileReference; lastKnownFileType = sourcecode.swift; path = TypeCollectionViewItem.swift; sourceTree = "<group>"; };
		D17B63061FA085BD00450052 /* TypeCollectionViewItem.xib */ = {isa = PBXFileReference; lastKnownFileType = file.xib; path = TypeCollectionViewItem.xib; sourceTree = "<group>"; };
		D1938A5E1FA32ED600A28344 /* DataManager.swift */ = {isa = PBXFileReference; lastKnownFileType = sourcecode.swift; path = DataManager.swift; sourceTree = "<group>"; };
		D1938A621FA339B200A28344 /* EditViewController.swift */ = {isa = PBXFileReference; lastKnownFileType = sourcecode.swift; path = EditViewController.swift; sourceTree = "<group>"; };
		D19CAD711F9DEBAE0061949C /* AdminMainViewController.swift */ = {isa = PBXFileReference; lastKnownFileType = sourcecode.swift; path = AdminMainViewController.swift; sourceTree = "<group>"; };
		D19CAD751F9DED070061949C /* SidebarItem.swift */ = {isa = PBXFileReference; lastKnownFileType = sourcecode.swift; path = SidebarItem.swift; sourceTree = "<group>"; };
		D19CAD7D1F9DFE4D0061949C /* StationsViewController.swift */ = {isa = PBXFileReference; lastKnownFileType = sourcecode.swift; path = StationsViewController.swift; sourceTree = "<group>"; };
		D19CAD811F9DFE730061949C /* Station.swift */ = {isa = PBXFileReference; lastKnownFileType = sourcecode.swift; path = Station.swift; sourceTree = "<group>"; };
		D19CAD831F9DFFFA0061949C /* BaseViewController.swift */ = {isa = PBXFileReference; lastKnownFileType = sourcecode.swift; path = BaseViewController.swift; sourceTree = "<group>"; };
		D19CAD861F9E301B0061949C /* NetworkManager.swift */ = {isa = PBXFileReference; lastKnownFileType = sourcecode.swift; path = NetworkManager.swift; sourceTree = "<group>"; };
		D19CAD881F9E307C0061949C /* RequestManager.swift */ = {isa = PBXFileReference; lastKnownFileType = sourcecode.swift; path = RequestManager.swift; sourceTree = "<group>"; };
		D19CAD8E1F9E33920061949C /* URLRequest.swift */ = {isa = PBXFileReference; lastKnownFileType = sourcecode.swift; path = URLRequest.swift; sourceTree = "<group>"; };
		D19CAD911F9E33C20061949C /* Constants.swift */ = {isa = PBXFileReference; lastKnownFileType = sourcecode.swift; path = Constants.swift; sourceTree = "<group>"; };
		D1CC03AF1FD4036800317ACA /* Base */ = {isa = PBXFileReference; lastKnownFileType = file.storyboard; name = Base; path = Base.lproj/Login.storyboard; sourceTree = "<group>"; };
		D1CC03B31FD4057000317ACA /* LoginViewController.swift */ = {isa = PBXFileReference; lastKnownFileType = sourcecode.swift; path = LoginViewController.swift; sourceTree = "<group>"; };
		D1CC03B51FD409BC00317ACA /* LoginRequests.swift */ = {isa = PBXFileReference; lastKnownFileType = sourcecode.swift; path = LoginRequests.swift; sourceTree = "<group>"; };
		D1CC03B91FD40F9B00317ACA /* User.swift */ = {isa = PBXFileReference; lastKnownFileType = sourcecode.swift; path = User.swift; sourceTree = "<group>"; };
		D1CC03BB1FD4103F00317ACA /* UserAccountManager.swift */ = {isa = PBXFileReference; lastKnownFileType = sourcecode.swift; path = UserAccountManager.swift; sourceTree = "<group>"; };
		D1DFD36F1F9E3BAC0003867B /* Results.swift */ = {isa = PBXFileReference; lastKnownFileType = sourcecode.swift; path = Results.swift; sourceTree = "<group>"; };
		D1DFD3711F9E4BA10003867B /* MainWindowController.swift */ = {isa = PBXFileReference; lastKnownFileType = sourcecode.swift; path = MainWindowController.swift; sourceTree = "<group>"; };
		D1E7B0561FCB1F10006C7D44 /* Requests.swift */ = {isa = PBXFileReference; lastKnownFileType = sourcecode.swift; path = Requests.swift; sourceTree = "<group>"; };
		D1E7B0581FCB2309006C7D44 /* Account.swift */ = {isa = PBXFileReference; lastKnownFileType = sourcecode.swift; path = Account.swift; sourceTree = "<group>"; };
/* End PBXFileReference section */

/* Begin PBXFrameworksBuildPhase section */
		D13029C51F9A053D0081826A /* Frameworks */ = {
			isa = PBXFrameworksBuildPhase;
			buildActionMask = 2147483647;
			files = (
			);
			runOnlyForDeploymentPostprocessing = 0;
		};
/* End PBXFrameworksBuildPhase section */

/* Begin PBXGroup section */
		D13029BF1F9A053D0081826A = {
			isa = PBXGroup;
			children = (
				D13029CA1F9A053D0081826A /* Railway */,
				D13029C91F9A053D0081826A /* Products */,
			);
			sourceTree = "<group>";
		};
		D13029C91F9A053D0081826A /* Products */ = {
			isa = PBXGroup;
			children = (
				D13029C81F9A053D0081826A /* Railway.app */,
			);
			name = Products;
			sourceTree = "<group>";
		};
		D13029CA1F9A053D0081826A /* Railway */ = {
			isa = PBXGroup;
			children = (
				D1938A5D1FA32EBA00A28344 /* Data */,
				D19CAD901F9E33B20061949C /* Common */,
				D19CAD851F9E2FFE0061949C /* Networking */,
				D19CAD8D1F9E33740061949C /* Extensions */,
				D19CAD781F9DF2220061949C /* ViewControllers */,
				D1CC03B21FD4052E00317ACA /* Admin */,
				D13029CB1F9A053D0081826A /* AppDelegate.swift */,
				D13029CF1F9A053D0081826A /* Assets.xcassets */,
				D13029D11F9A053D0081826A /* Admin.storyboard */,
				D1CC03AE1FD4036800317ACA /* Login.storyboard */,
				D13029D41F9A053D0081826A /* Info.plist */,
				D13029D51F9A053D0081826A /* Railway.entitlements */,
			);
			path = Railway;
			sourceTree = "<group>";
		};
		D17B62FE1FA07F9100450052 /* Cells */ = {
			isa = PBXGroup;
			children = (
				D17B63051FA085BD00450052 /* TypeCollectionViewItem.swift */,
				D17B63061FA085BD00450052 /* TypeCollectionViewItem.xib */,
			);
			path = Cells;
			sourceTree = "<group>";
		};
		D1938A5D1FA32EBA00A28344 /* Data */ = {
			isa = PBXGroup;
			children = (
				D19CAD771F9DF2170061949C /* Models */,
				D1938A5E1FA32ED600A28344 /* DataManager.swift */,
				D1CC03BB1FD4103F00317ACA /* UserAccountManager.swift */,
			);
			path = Data;
			sourceTree = "<group>";
		};
		D19CAD771F9DF2170061949C /* Models */ = {
			isa = PBXGroup;
			children = (
				D19CAD751F9DED070061949C /* SidebarItem.swift */,
				D19CAD811F9DFE730061949C /* Station.swift */,
				D1E7B0581FCB2309006C7D44 /* Account.swift */,
				D12D09531FCC387200AE8ADF /* Passenger.swift */,
				D13813A01FCB23C2008F74F8 /* Model.swift */,
				D1DFD36F1F9E3BAC0003867B /* Results.swift */,
				D1CC03B91FD40F9B00317ACA /* User.swift */,
			);
			path = Models;
			sourceTree = "<group>";
		};
		D19CAD781F9DF2220061949C /* ViewControllers */ = {
			isa = PBXGroup;
			children = (
				D19CAD831F9DFFFA0061949C /* BaseViewController.swift */,
				D1CC03B81FD40E8700317ACA /* Login */,
				D1CC03B71FD40E8000317ACA /* Admin */,
			);
			path = ViewControllers;
			sourceTree = "<group>";
		};
		D19CAD851F9E2FFE0061949C /* Networking */ = {
			isa = PBXGroup;
			children = (
				D19CAD861F9E301B0061949C /* NetworkManager.swift */,
				D19CAD881F9E307C0061949C /* RequestManager.swift */,
				D19CAD8A1F9E33260061949C /* Requests */,
			);
			path = Networking;
			sourceTree = "<group>";
		};
		D19CAD8A1F9E33260061949C /* Requests */ = {
			isa = PBXGroup;
			children = (
				D1E7B0561FCB1F10006C7D44 /* Requests.swift */,
				D1CC03B51FD409BC00317ACA /* LoginRequests.swift */,
			);
			path = Requests;
			sourceTree = "<group>";
		};
		D19CAD8D1F9E33740061949C /* Extensions */ = {
			isa = PBXGroup;
			children = (
				D19CAD8E1F9E33920061949C /* URLRequest.swift */,
			);
			path = Extensions;
			sourceTree = "<group>";
		};
		D19CAD901F9E33B20061949C /* Common */ = {
			isa = PBXGroup;
			children = (
				D19CAD911F9E33C20061949C /* Constants.swift */,
			);
			path = Common;
			sourceTree = "<group>";
		};
		D1CC03B21FD4052E00317ACA /* Admin */ = {
			isa = PBXGroup;
			children = (
				D1DFD3711F9E4BA10003867B /* MainWindowController.swift */,
				D17B62FE1FA07F9100450052 /* Cells */,
			);
			path = Admin;
			sourceTree = "<group>";
		};
		D1CC03B71FD40E8000317ACA /* Admin */ = {
			isa = PBXGroup;
			children = (
				D13813A81FCB3B63008F74F8 /* TableViewController.swift */,
				D17B62F91FA07D3700450052 /* ContainerViewController.swift */,
				D19CAD711F9DEBAE0061949C /* AdminMainViewController.swift */,
				D19CAD7D1F9DFE4D0061949C /* StationsViewController.swift */,
				D13813A21FCB2496008F74F8 /* AccountsViewController.swift */,
				D12D09551FCC3A2200AE8ADF /* PassengersViewController.swift */,
				D17B62F71FA075C500450052 /* AddViewController.swift */,
				D1938A621FA339B200A28344 /* EditViewController.swift */,
				D17B62FB1FA07EBA00450052 /* AddItemTypeViewController.swift */,
				D14823721FA0A9AE002AE484 /* EditStationViewController.swift */,
				D13813A61FCB24F3008F74F8 /* EditAccountViewController.swift */,
				D12D09571FCC3AC700AE8ADF /* EditPassengerViewController.swift */,
			);
			path = Admin;
			sourceTree = "<group>";
		};
		D1CC03B81FD40E8700317ACA /* Login */ = {
			isa = PBXGroup;
			children = (
				D1CC03B31FD4057000317ACA /* LoginViewController.swift */,
			);
			path = Login;
			sourceTree = "<group>";
		};
/* End PBXGroup section */

/* Begin PBXNativeTarget section */
		D13029C71F9A053D0081826A /* Railway */ = {
			isa = PBXNativeTarget;
			buildConfigurationList = D13029D81F9A053D0081826A /* Build configuration list for PBXNativeTarget "Railway" */;
			buildPhases = (
				D13029C41F9A053D0081826A /* Sources */,
				D13029C51F9A053D0081826A /* Frameworks */,
				D13029C61F9A053D0081826A /* Resources */,
			);
			buildRules = (
			);
			dependencies = (
			);
			name = Railway;
			productName = Railway;
			productReference = D13029C81F9A053D0081826A /* Railway.app */;
			productType = "com.apple.product-type.application";
		};
/* End PBXNativeTarget section */

/* Begin PBXProject section */
		D13029C01F9A053D0081826A /* Project object */ = {
			isa = PBXProject;
			attributes = {
				LastSwiftUpdateCheck = 0900;
				LastUpgradeCheck = 0900;
				ORGANIZATIONNAME = Insoft;
				TargetAttributes = {
					D13029C71F9A053D0081826A = {
						CreatedOnToolsVersion = 9.0.1;
						ProvisioningStyle = Automatic;
					};
				};
			};
			buildConfigurationList = D13029C31F9A053D0081826A /* Build configuration list for PBXProject "Railway" */;
			compatibilityVersion = "Xcode 8.0";
			developmentRegion = en;
			hasScannedForEncodings = 0;
			knownRegions = (
				en,
				Base,
			);
			mainGroup = D13029BF1F9A053D0081826A;
			productRefGroup = D13029C91F9A053D0081826A /* Products */;
			projectDirPath = "";
			projectRoot = "";
			targets = (
				D13029C71F9A053D0081826A /* Railway */,
			);
		};
/* End PBXProject section */

/* Begin PBXResourcesBuildPhase section */
		D13029C61F9A053D0081826A /* Resources */ = {
			isa = PBXResourcesBuildPhase;
			buildActionMask = 2147483647;
			files = (
				D1CC03B01FD4036800317ACA /* Login.storyboard in Resources */,
				D17B63081FA085BD00450052 /* TypeCollectionViewItem.xib in Resources */,
				D13029D01F9A053D0081826A /* Assets.xcassets in Resources */,
				D13029D31F9A053D0081826A /* Admin.storyboard in Resources */,
			);
			runOnlyForDeploymentPostprocessing = 0;
		};
/* End PBXResourcesBuildPhase section */

/* Begin PBXSourcesBuildPhase section */
		D13029C41F9A053D0081826A /* Sources */ = {
			isa = PBXSourcesBuildPhase;
			buildActionMask = 2147483647;
			files = (
				D19CAD761F9DED070061949C /* SidebarItem.swift in Sources */,
				D1E7B0591FCB2309006C7D44 /* Account.swift in Sources */,
				D1938A5F1FA32ED600A28344 /* DataManager.swift in Sources */,
				D19CAD921F9E33C20061949C /* Constants.swift in Sources */,
				D1CC03BA1FD40F9B00317ACA /* User.swift in Sources */,
				D1DFD3721F9E4BA10003867B /* MainWindowController.swift in Sources */,
				D1CC03B41FD4057000317ACA /* LoginViewController.swift in Sources */,
				D17B62FC1FA07EBA00450052 /* AddItemTypeViewController.swift in Sources */,
				D19CAD821F9DFE730061949C /* Station.swift in Sources */,
				D12D09581FCC3AC700AE8ADF /* EditPassengerViewController.swift in Sources */,
				D13029CC1F9A053D0081826A /* AppDelegate.swift in Sources */,
				D17B62F81FA075C500450052 /* AddViewController.swift in Sources */,
				D19CAD891F9E307C0061949C /* RequestManager.swift in Sources */,
				D17B62FA1FA07D3700450052 /* ContainerViewController.swift in Sources */,
				D19CAD871F9E301B0061949C /* NetworkManager.swift in Sources */,
				D12D09541FCC387200AE8ADF /* Passenger.swift in Sources */,
				D13813A71FCB24F3008F74F8 /* EditAccountViewController.swift in Sources */,
				D1DFD3701F9E3BAC0003867B /* Results.swift in Sources */,
				D1CC03B61FD409BC00317ACA /* LoginRequests.swift in Sources */,
				D13813A41FCB2496008F74F8 /* AccountsViewController.swift in Sources */,
				D13813A11FCB23C2008F74F8 /* Model.swift in Sources */,
				D19CAD731F9DEBAE0061949C /* AdminMainViewController.swift in Sources */,
				D14823731FA0A9AE002AE484 /* EditStationViewController.swift in Sources */,
				D12D09561FCC3A2200AE8ADF /* PassengersViewController.swift in Sources */,
				D17B63071FA085BD00450052 /* TypeCollectionViewItem.swift in Sources */,
				D19CAD7F1F9DFE4D0061949C /* StationsViewController.swift in Sources */,
				D1CC03BC1FD4103F00317ACA /* UserAccountManager.swift in Sources */,
				D19CAD841F9DFFFA0061949C /* BaseViewController.swift in Sources */,
				D1E7B0571FCB1F10006C7D44 /* Requests.swift in Sources */,
				D1938A631FA339B200A28344 /* EditViewController.swift in Sources */,
				D13813A91FCB3B63008F74F8 /* TableViewController.swift in Sources */,
				D19CAD8F1F9E33920061949C /* URLRequest.swift in Sources */,
			);
			runOnlyForDeploymentPostprocessing = 0;
		};
/* End PBXSourcesBuildPhase section */

/* Begin PBXVariantGroup section */
		D13029D11F9A053D0081826A /* Admin.storyboard */ = {
			isa = PBXVariantGroup;
			children = (
				D13029D21F9A053D0081826A /* Base */,
			);
			name = Admin.storyboard;
			sourceTree = "<group>";
		};
		D1CC03AE1FD4036800317ACA /* Login.storyboard */ = {
			isa = PBXVariantGroup;
			children = (
				D1CC03AF1FD4036800317ACA /* Base */,
			);
			name = Login.storyboard;
			sourceTree = "<group>";
		};
/* End PBXVariantGroup section */

/* Begin XCBuildConfiguration section */
		D13029D61F9A053D0081826A /* Debug */ = {
			isa = XCBuildConfiguration;
			buildSettings = {
				ALWAYS_SEARCH_USER_PATHS = NO;
				CLANG_ANALYZER_NONNULL = YES;
				CLANG_ANALYZER_NUMBER_OBJECT_CONVERSION = YES_AGGRESSIVE;
				CLANG_CXX_LANGUAGE_STANDARD = "gnu++14";
				CLANG_CXX_LIBRARY = "libc++";
				CLANG_ENABLE_MODULES = YES;
				CLANG_ENABLE_OBJC_ARC = YES;
				CLANG_WARN_BLOCK_CAPTURE_AUTORELEASING = YES;
				CLANG_WARN_BOOL_CONVERSION = YES;
				CLANG_WARN_COMMA = YES;
				CLANG_WARN_CONSTANT_CONVERSION = YES;
				CLANG_WARN_DIRECT_OBJC_ISA_USAGE = YES_ERROR;
				CLANG_WARN_DOCUMENTATION_COMMENTS = YES;
				CLANG_WARN_EMPTY_BODY = YES;
				CLANG_WARN_ENUM_CONVERSION = YES;
				CLANG_WARN_INFINITE_RECURSION = YES;
				CLANG_WARN_INT_CONVERSION = YES;
				CLANG_WARN_NON_LITERAL_NULL_CONVERSION = YES;
				CLANG_WARN_OBJC_LITERAL_CONVERSION = YES;
				CLANG_WARN_OBJC_ROOT_CLASS = YES_ERROR;
				CLANG_WARN_RANGE_LOOP_ANALYSIS = YES;
				CLANG_WARN_STRICT_PROTOTYPES = YES;
				CLANG_WARN_SUSPICIOUS_MOVE = YES;
				CLANG_WARN_UNGUARDED_AVAILABILITY = YES_AGGRESSIVE;
				CLANG_WARN_UNREACHABLE_CODE = YES;
				CLANG_WARN__DUPLICATE_METHOD_MATCH = YES;
				CODE_SIGN_IDENTITY = "Mac Developer";
				COPY_PHASE_STRIP = NO;
				DEBUG_INFORMATION_FORMAT = dwarf;
				ENABLE_STRICT_OBJC_MSGSEND = YES;
				ENABLE_TESTABILITY = YES;
				GCC_C_LANGUAGE_STANDARD = gnu11;
				GCC_DYNAMIC_NO_PIC = NO;
				GCC_NO_COMMON_BLOCKS = YES;
				GCC_OPTIMIZATION_LEVEL = 0;
				GCC_PREPROCESSOR_DEFINITIONS = (
					"DEBUG=1",
					"$(inherited)",
				);
				GCC_WARN_64_TO_32_BIT_CONVERSION = YES;
				GCC_WARN_ABOUT_RETURN_TYPE = YES_ERROR;
				GCC_WARN_UNDECLARED_SELECTOR = YES;
				GCC_WARN_UNINITIALIZED_AUTOS = YES_AGGRESSIVE;
				GCC_WARN_UNUSED_FUNCTION = YES;
				GCC_WARN_UNUSED_VARIABLE = YES;
				MACOSX_DEPLOYMENT_TARGET = 10.13;
				MTL_ENABLE_DEBUG_INFO = YES;
				ONLY_ACTIVE_ARCH = YES;
				SDKROOT = macosx;
				SWIFT_ACTIVE_COMPILATION_CONDITIONS = DEBUG;
				SWIFT_OPTIMIZATION_LEVEL = "-Onone";
			};
			name = Debug;
		};
		D13029D71F9A053D0081826A /* Release */ = {
			isa = XCBuildConfiguration;
			buildSettings = {
				ALWAYS_SEARCH_USER_PATHS = NO;
				CLANG_ANALYZER_NONNULL = YES;
				CLANG_ANALYZER_NUMBER_OBJECT_CONVERSION = YES_AGGRESSIVE;
				CLANG_CXX_LANGUAGE_STANDARD = "gnu++14";
				CLANG_CXX_LIBRARY = "libc++";
				CLANG_ENABLE_MODULES = YES;
				CLANG_ENABLE_OBJC_ARC = YES;
				CLANG_WARN_BLOCK_CAPTURE_AUTORELEASING = YES;
				CLANG_WARN_BOOL_CONVERSION = YES;
				CLANG_WARN_COMMA = YES;
				CLANG_WARN_CONSTANT_CONVERSION = YES;
				CLANG_WARN_DIRECT_OBJC_ISA_USAGE = YES_ERROR;
				CLANG_WARN_DOCUMENTATION_COMMENTS = YES;
				CLANG_WARN_EMPTY_BODY = YES;
				CLANG_WARN_ENUM_CONVERSION = YES;
				CLANG_WARN_INFINITE_RECURSION = YES;
				CLANG_WARN_INT_CONVERSION = YES;
				CLANG_WARN_NON_LITERAL_NULL_CONVERSION = YES;
				CLANG_WARN_OBJC_LITERAL_CONVERSION = YES;
				CLANG_WARN_OBJC_ROOT_CLASS = YES_ERROR;
				CLANG_WARN_RANGE_LOOP_ANALYSIS = YES;
				CLANG_WARN_STRICT_PROTOTYPES = YES;
				CLANG_WARN_SUSPICIOUS_MOVE = YES;
				CLANG_WARN_UNGUARDED_AVAILABILITY = YES_AGGRESSIVE;
				CLANG_WARN_UNREACHABLE_CODE = YES;
				CLANG_WARN__DUPLICATE_METHOD_MATCH = YES;
				CODE_SIGN_IDENTITY = "Mac Developer";
				COPY_PHASE_STRIP = NO;
				DEBUG_INFORMATION_FORMAT = "dwarf-with-dsym";
				ENABLE_NS_ASSERTIONS = NO;
				ENABLE_STRICT_OBJC_MSGSEND = YES;
				GCC_C_LANGUAGE_STANDARD = gnu11;
				GCC_NO_COMMON_BLOCKS = YES;
				GCC_WARN_64_TO_32_BIT_CONVERSION = YES;
				GCC_WARN_ABOUT_RETURN_TYPE = YES_ERROR;
				GCC_WARN_UNDECLARED_SELECTOR = YES;
				GCC_WARN_UNINITIALIZED_AUTOS = YES_AGGRESSIVE;
				GCC_WARN_UNUSED_FUNCTION = YES;
				GCC_WARN_UNUSED_VARIABLE = YES;
				MACOSX_DEPLOYMENT_TARGET = 10.13;
				MTL_ENABLE_DEBUG_INFO = NO;
				SDKROOT = macosx;
				SWIFT_OPTIMIZATION_LEVEL = "-Owholemodule";
			};
			name = Release;
		};
		D13029D91F9A053D0081826A /* Debug */ = {
			isa = XCBuildConfiguration;
			buildSettings = {
				ASSETCATALOG_COMPILER_APPICON_NAME = AppIcon;
				CODE_SIGN_STYLE = Automatic;
				COMBINE_HIDPI_IMAGES = YES;
				DEVELOPMENT_TEAM = 59BWRK25DR;
				INFOPLIST_FILE = Railway/Info.plist;
				LD_RUNPATH_SEARCH_PATHS = "$(inherited) @executable_path/../Frameworks";
				PRODUCT_BUNDLE_IDENTIFIER = com.insoft.Railway;
				PRODUCT_NAME = "$(TARGET_NAME)";
				SWIFT_VERSION = 4.0;
			};
			name = Debug;
		};
		D13029DA1F9A053D0081826A /* Release */ = {
			isa = XCBuildConfiguration;
			buildSettings = {
				ASSETCATALOG_COMPILER_APPICON_NAME = AppIcon;
				CODE_SIGN_STYLE = Automatic;
				COMBINE_HIDPI_IMAGES = YES;
				DEVELOPMENT_TEAM = 59BWRK25DR;
				INFOPLIST_FILE = Railway/Info.plist;
				LD_RUNPATH_SEARCH_PATHS = "$(inherited) @executable_path/../Frameworks";
				PRODUCT_BUNDLE_IDENTIFIER = com.insoft.Railway;
				PRODUCT_NAME = "$(TARGET_NAME)";
				SWIFT_VERSION = 4.0;
			};
			name = Release;
		};
/* End XCBuildConfiguration section */

/* Begin XCConfigurationList section */
		D13029C31F9A053D0081826A /* Build configuration list for PBXProject "Railway" */ = {
			isa = XCConfigurationList;
			buildConfigurations = (
				D13029D61F9A053D0081826A /* Debug */,
				D13029D71F9A053D0081826A /* Release */,
			);
			defaultConfigurationIsVisible = 0;
			defaultConfigurationName = Release;
		};
		D13029D81F9A053D0081826A /* Build configuration list for PBXNativeTarget "Railway" */ = {
			isa = XCConfigurationList;
			buildConfigurations = (
				D13029D91F9A053D0081826A /* Debug */,
				D13029DA1F9A053D0081826A /* Release */,
			);
			defaultConfigurationIsVisible = 0;
			defaultConfigurationName = Release;
		};
/* End XCConfigurationList section */
	};
	rootObject = D13029C01F9A053D0081826A /* Project object */;
}
